
Microsoft Visual Studio Solution File, Format Version 12.00
# Visual Studio Version 17
VisualStudioVersion = 17.11.35312.102
MinimumVisualStudioVersion = 10.0.40219.1
Project("{FAE04EC0-301F-11D3-BF4B-00C04F79EFBC}") = "BaiTap2_64130473", "BaiTap2_64130473\BaiTap2_64130473.csproj", "{9D1A6250-3132-475B-86D1-5ED8502D1BBE}"
EndProject
Global
	GlobalSection(SolutionConfigurationPlatforms) = preSolution
		Debug|Any CPU = Debug|Any CPU
		Release|Any CPU = Release|Any CPU
	EndGlobalSection
	GlobalSection(ProjectConfigurationPlatforms) = postSolution
		{9D1A6250-3132-475B-86D1-5ED8502D1BBE}.Debug|Any CPU.ActiveCfg = Debug|Any CPU
		{9D1A6250-3132-475B-86D1-5ED8502D1BBE}.Debug|Any CPU.Build.0 = Debug|Any CPU
		{9D1A6250-3132-475B-86D1-5ED8502D1BBE}.Release|Any CPU.ActiveCfg = Release|Any CPU
		{9D1A6250-3132-475B-86D1-5ED8502D1BBE}.Release|Any CPU.Build.0 = Release|Any CPU
	EndGlobalSection
	GlobalSection(SolutionProperties) = preSolution
		HideSolutionNode = FALSE
	EndGlobalSection
	GlobalSection(ExtensibilityGlobals) = postSolution
		SolutionGuid = {BF306AC6-1C16-43E4-B7B5-7E75AC3ADDA7}
	EndGlobalSection
EndGlobal
