
Microsoft Visual Studio Solution File, Format Version 12.00
# Visual Studio Version 17
VisualStudioVersion = 17.11.35312.102
MinimumVisualStudioVersion = 10.0.40219.1
Project("{FAE04EC0-301F-11D3-BF4B-00C04F79EFBC}") = "BaiTap5_64130473", "BaiTap5_64130473\BaiTap5_64130473.csproj", "{16184CB2-F84F-4D3A-A6CB-372699941528}"
EndProject
Global
	GlobalSection(SolutionConfigurationPlatforms) = preSolution
		Debug|Any CPU = Debug|Any CPU
		Release|Any CPU = Release|Any CPU
	EndGlobalSection
	GlobalSection(ProjectConfigurationPlatforms) = postSolution
		{16184CB2-F84F-4D3A-A6CB-372699941528}.Debug|Any CPU.ActiveCfg = Debug|Any CPU
		{16184CB2-F84F-4D3A-A6CB-372699941528}.Debug|Any CPU.Build.0 = Debug|Any CPU
		{16184CB2-F84F-4D3A-A6CB-372699941528}.Release|Any CPU.ActiveCfg = Release|Any CPU
		{16184CB2-F84F-4D3A-A6CB-372699941528}.Release|Any CPU.Build.0 = Release|Any CPU
	EndGlobalSection
	GlobalSection(SolutionProperties) = preSolution
		HideSolutionNode = FALSE
	EndGlobalSection
	GlobalSection(ExtensibilityGlobals) = postSolution
		SolutionGuid = {2CFAB838-DD73-48C9-A931-76511AB29CC3}
	EndGlobalSection
EndGlobal
